
Microsoft Visual Studio Solution File, Format Version 12.00
Project("{FAE04EC0-301F-11D3-BF4B-00C04F79EFBC}") = "Chat_Sirinity_Client", "Chat_Sirinity_Client.csproj", "{CFD4C734-B696-4F3B-97E1-7C351022077D}"
EndProject
Global
	GlobalSection(SolutionConfigurationPlatforms) = preSolution
		Debug|Any CPU = Debug|Any CPU
		Release|Any CPU = Release|Any CPU
	EndGlobalSection
	GlobalSection(ProjectConfigurationPlatforms) = postSolution
		{CFD4C734-B696-4F3B-97E1-7C351022077D}.Debug|Any CPU.ActiveCfg = Debug|Any CPU
		{CFD4C734-B696-4F3B-97E1-7C351022077D}.Debug|Any CPU.Build.0 = Debug|Any CPU
		{CFD4C734-B696-4F3B-97E1-7C351022077D}.Release|Any CPU.ActiveCfg = Release|Any CPU
		{CFD4C734-B696-4F3B-97E1-7C351022077D}.Release|Any CPU.Build.0 = Release|Any CPU
	EndGlobalSection
EndGlobal
